
Microsoft Visual Studio Solution File, Format Version 12.00
# Visual Studio Version 17
VisualStudioVersion = 17.3.32804.467
MinimumVisualStudioVersion = 10.0.40219.1
Project("{FAE04EC0-301F-11D3-BF4B-00C04F79EFBC}") = "Assessment 1", "Assessment 1\Assessment 1.csproj", "{88C8C5D8-E310-4796-888B-D84878AC774D}"
EndProject
Global
	GlobalSection(SolutionConfigurationPlatforms) = preSolution
		Debug|Any CPU = Debug|Any CPU
		Release|Any CPU = Release|Any CPU
	EndGlobalSection
	GlobalSection(ProjectConfigurationPlatforms) = postSolution
		{88C8C5D8-E310-4796-888B-D84878AC774D}.Debug|Any CPU.ActiveCfg = Debug|Any CPU
		{88C8C5D8-E310-4796-888B-D84878AC774D}.Debug|Any CPU.Build.0 = Debug|Any CPU
		{88C8C5D8-E310-4796-888B-D84878AC774D}.Release|Any CPU.ActiveCfg = Release|Any CPU
		{88C8C5D8-E310-4796-888B-D84878AC774D}.Release|Any CPU.Build.0 = Release|Any CPU
	EndGlobalSection
	GlobalSection(SolutionProperties) = preSolution
		HideSolutionNode = FALSE
	EndGlobalSection
	GlobalSection(ExtensibilityGlobals) = postSolution
		SolutionGuid = {BDBC2E3F-C852-45BB-8929-FD5AA1347B9F}
	EndGlobalSection
EndGlobal
